// !$*UTF8*$!
{
	archiveVersion = 1;
	classes = {
	};
	objectVersion = 50;
	objects = {

/* Begin PBXBuildFile section */
		384982B425F00E2A00F1B745 /* NotificationHelper.swift in Sources */ = {isa = PBXBuildFile; fileRef = 384982B325F00E2A00F1B745 /* NotificationHelper.swift */; };
		38A8208025E6D5A100C54DDF /* AppDelegate.swift in Sources */ = {isa = PBXBuildFile; fileRef = 38A8207F25E6D5A100C54DDF /* AppDelegate.swift */; };
		38A8208225E6D5A100C54DDF /* ContentView.swift in Sources */ = {isa = PBXBuildFile; fileRef = 38A8208125E6D5A100C54DDF /* ContentView.swift */; };
		38A8208425E6D5A400C54DDF /* Assets.xcassets in Resources */ = {isa = PBXBuildFile; fileRef = 38A8208325E6D5A400C54DDF /* Assets.xcassets */; };
		38A8208725E6D5A400C54DDF /* Preview Assets.xcassets in Resources */ = {isa = PBXBuildFile; fileRef = 38A8208625E6D5A400C54DDF /* Preview Assets.xcassets */; };
		38A8208A25E6D5A400C54DDF /* Main.storyboard in Resources */ = {isa = PBXBuildFile; fileRef = 38A8208825E6D5A400C54DDF /* Main.storyboard */; };
		38A8209325E6ED1B00C54DDF /* MenuBar.swift in Sources */ = {isa = PBXBuildFile; fileRef = 38A8209225E6ED1B00C54DDF /* MenuBar.swift */; };
		38A8209725E74C9B00C54DDF /* Generator.swift in Sources */ = {isa = PBXBuildFile; fileRef = 38A8209525E74C9B00C54DDF /* Generator.swift */; };
		38A8209825E74C9B00C54DDF /* Crypto.swift in Sources */ = {isa = PBXBuildFile; fileRef = 38A8209625E74C9B00C54DDF /* Crypto.swift */; };
		38A8209A25E74D0C00C54DDF /* Token.swift in Sources */ = {isa = PBXBuildFile; fileRef = 38A8209925E74D0C00C54DDF /* Token.swift */; };
		38A8209E25E7503700C54DDF /* Token+URL.swift in Sources */ = {isa = PBXBuildFile; fileRef = 38A8209D25E7503700C54DDF /* Token+URL.swift */; };
		38A820A025E7537B00C54DDF /* Base32.swift in Sources */ = {isa = PBXBuildFile; fileRef = 38A8209F25E7537B00C54DDF /* Base32.swift */; };
		38A820A225E7E2FB00C54DDF /* CopyHelper.swift in Sources */ = {isa = PBXBuildFile; fileRef = 38A820A125E7E2FB00C54DDF /* CopyHelper.swift */; };
		38A820A425E81BE100C54DDF /* KeychainHelper.swift in Sources */ = {isa = PBXBuildFile; fileRef = 38A820A325E81BE100C54DDF /* KeychainHelper.swift */; };
		38A820A625E9957F00C54DDF /* AuthenticationHelper.swift in Sources */ = {isa = PBXBuildFile; fileRef = 38A820A525E9957F00C54DDF /* AuthenticationHelper.swift */; };
/* End PBXBuildFile section */

/* Begin PBXFileReference section */
		384982B325F00E2A00F1B745 /* NotificationHelper.swift */ = {isa = PBXFileReference; lastKnownFileType = sourcecode.swift; path = NotificationHelper.swift; sourceTree = "<group>"; };
		38A8207C25E6D5A100C54DDF /* MenuBarShortcut.app */ = {isa = PBXFileReference; explicitFileType = wrapper.application; includeInIndex = 0; path = MenuBarShortcut.app; sourceTree = BUILT_PRODUCTS_DIR; };
		38A8207F25E6D5A100C54DDF /* AppDelegate.swift */ = {isa = PBXFileReference; lastKnownFileType = sourcecode.swift; path = AppDelegate.swift; sourceTree = "<group>"; };
		38A8208125E6D5A100C54DDF /* ContentView.swift */ = {isa = PBXFileReference; lastKnownFileType = sourcecode.swift; path = ContentView.swift; sourceTree = "<group>"; };
		38A8208325E6D5A400C54DDF /* Assets.xcassets */ = {isa = PBXFileReference; lastKnownFileType = folder.assetcatalog; path = Assets.xcassets; sourceTree = "<group>"; };
		38A8208625E6D5A400C54DDF /* Preview Assets.xcassets */ = {isa = PBXFileReference; lastKnownFileType = folder.assetcatalog; path = "Preview Assets.xcassets"; sourceTree = "<group>"; };
		38A8208925E6D5A400C54DDF /* Base */ = {isa = PBXFileReference; lastKnownFileType = file.storyboard; name = Base; path = Base.lproj/Main.storyboard; sourceTree = "<group>"; };
		38A8208B25E6D5A400C54DDF /* Info.plist */ = {isa = PBXFileReference; lastKnownFileType = text.plist.xml; path = Info.plist; sourceTree = "<group>"; };
		38A8208C25E6D5A400C54DDF /* MenuBarShortcut.entitlements */ = {isa = PBXFileReference; lastKnownFileType = text.plist.entitlements; path = MenuBarShortcut.entitlements; sourceTree = "<group>"; };
		38A8209225E6ED1B00C54DDF /* MenuBar.swift */ = {isa = PBXFileReference; lastKnownFileType = sourcecode.swift; path = MenuBar.swift; sourceTree = "<group>"; };
		38A8209525E74C9B00C54DDF /* Generator.swift */ = {isa = PBXFileReference; fileEncoding = 4; lastKnownFileType = sourcecode.swift; path = Generator.swift; sourceTree = "<group>"; };
		38A8209625E74C9B00C54DDF /* Crypto.swift */ = {isa = PBXFileReference; fileEncoding = 4; lastKnownFileType = sourcecode.swift; path = Crypto.swift; sourceTree = "<group>"; };
		38A8209925E74D0C00C54DDF /* Token.swift */ = {isa = PBXFileReference; fileEncoding = 4; lastKnownFileType = sourcecode.swift; path = Token.swift; sourceTree = "<group>"; };
		38A8209D25E7503700C54DDF /* Token+URL.swift */ = {isa = PBXFileReference; fileEncoding = 4; lastKnownFileType = sourcecode.swift; path = "Token+URL.swift"; sourceTree = "<group>"; };
		38A8209F25E7537B00C54DDF /* Base32.swift */ = {isa = PBXFileReference; fileEncoding = 4; lastKnownFileType = sourcecode.swift; path = Base32.swift; sourceTree = "<group>"; };
		38A820A125E7E2FB00C54DDF /* CopyHelper.swift */ = {isa = PBXFileReference; lastKnownFileType = sourcecode.swift; path = CopyHelper.swift; sourceTree = "<group>"; };
		38A820A325E81BE100C54DDF /* KeychainHelper.swift */ = {isa = PBXFileReference; lastKnownFileType = sourcecode.swift; path = KeychainHelper.swift; sourceTree = "<group>"; };
		38A820A525E9957F00C54DDF /* AuthenticationHelper.swift */ = {isa = PBXFileReference; lastKnownFileType = sourcecode.swift; path = AuthenticationHelper.swift; sourceTree = "<group>"; };
/* End PBXFileReference section */

/* Begin PBXFrameworksBuildPhase section */
		38A8207925E6D5A100C54DDF /* Frameworks */ = {
			isa = PBXFrameworksBuildPhase;
			buildActionMask = 2147483647;
			files = (
			);
			runOnlyForDeploymentPostprocessing = 0;
		};
/* End PBXFrameworksBuildPhase section */

/* Begin PBXGroup section */
		38A8207325E6D5A100C54DDF = {
			isa = PBXGroup;
			children = (
				38A8207E25E6D5A100C54DDF /* MenuBarShortcut */,
				38A8207D25E6D5A100C54DDF /* Products */,
			);
			sourceTree = "<group>";
		};
		38A8207D25E6D5A100C54DDF /* Products */ = {
			isa = PBXGroup;
			children = (
				38A8207C25E6D5A100C54DDF /* MenuBarShortcut.app */,
			);
			name = Products;
			sourceTree = "<group>";
		};
		38A8207E25E6D5A100C54DDF /* MenuBarShortcut */ = {
			isa = PBXGroup;
			children = (
				38A8207F25E6D5A100C54DDF /* AppDelegate.swift */,
				38A8209225E6ED1B00C54DDF /* MenuBar.swift */,
				38A820A125E7E2FB00C54DDF /* CopyHelper.swift */,
				38A820A325E81BE100C54DDF /* KeychainHelper.swift */,
				38A820A525E9957F00C54DDF /* AuthenticationHelper.swift */,
				384982B325F00E2A00F1B745 /* NotificationHelper.swift */,
				38A8209425E74C8600C54DDF /* OneTimePassword */,
				38A8208125E6D5A100C54DDF /* ContentView.swift */,
				38A8208325E6D5A400C54DDF /* Assets.xcassets */,
				38A8208825E6D5A400C54DDF /* Main.storyboard */,
				38A8208B25E6D5A400C54DDF /* Info.plist */,
				38A8208C25E6D5A400C54DDF /* MenuBarShortcut.entitlements */,
				38A8208525E6D5A400C54DDF /* Preview Content */,
			);
			path = MenuBarShortcut;
			sourceTree = "<group>";
		};
		38A8208525E6D5A400C54DDF /* Preview Content */ = {
			isa = PBXGroup;
			children = (
				38A8208625E6D5A400C54DDF /* Preview Assets.xcassets */,
			);
			path = "Preview Content";
			sourceTree = "<group>";
		};
		38A8209425E74C8600C54DDF /* OneTimePassword */ = {
			isa = PBXGroup;
			children = (
				38A8209625E74C9B00C54DDF /* Crypto.swift */,
				38A8209525E74C9B00C54DDF /* Generator.swift */,
				38A8209925E74D0C00C54DDF /* Token.swift */,
				38A8209D25E7503700C54DDF /* Token+URL.swift */,
				38A8209F25E7537B00C54DDF /* Base32.swift */,
			);
			path = OneTimePassword;
			sourceTree = "<group>";
		};
/* End PBXGroup section */

/* Begin PBXNativeTarget section */
		38A8207B25E6D5A100C54DDF /* MenuBarShortcut */ = {
			isa = PBXNativeTarget;
			buildConfigurationList = 38A8208F25E6D5A400C54DDF /* Build configuration list for PBXNativeTarget "MenuBarShortcut" */;
			buildPhases = (
				38A8207825E6D5A100C54DDF /* Sources */,
				38A8207925E6D5A100C54DDF /* Frameworks */,
				38A8207A25E6D5A100C54DDF /* Resources */,
			);
			buildRules = (
			);
			dependencies = (
			);
			name = MenuBarShortcut;
			productName = MenuBarShortcut;
			productReference = 38A8207C25E6D5A100C54DDF /* MenuBarShortcut.app */;
			productType = "com.apple.product-type.application";
		};
/* End PBXNativeTarget section */

/* Begin PBXProject section */
		38A8207425E6D5A100C54DDF /* Project object */ = {
			isa = PBXProject;
			attributes = {
				LastSwiftUpdateCheck = 1170;
				LastUpgradeCheck = 1170;
				ORGANIZATIONNAME = "Lucas Eiji Saito";
				TargetAttributes = {
					38A8207B25E6D5A100C54DDF = {
						CreatedOnToolsVersion = 11.7;
					};
				};
			};
			buildConfigurationList = 38A8207725E6D5A100C54DDF /* Build configuration list for PBXProject "MenuBarShortcut" */;
			compatibilityVersion = "Xcode 9.3";
			developmentRegion = en;
			hasScannedForEncodings = 0;
			knownRegions = (
				en,
				Base,
			);
			mainGroup = 38A8207325E6D5A100C54DDF;
			productRefGroup = 38A8207D25E6D5A100C54DDF /* Products */;
			projectDirPath = "";
			projectRoot = "";
			targets = (
				38A8207B25E6D5A100C54DDF /* MenuBarShortcut */,
			);
		};
/* End PBXProject section */

/* Begin PBXResourcesBuildPhase section */
		38A8207A25E6D5A100C54DDF /* Resources */ = {
			isa = PBXResourcesBuildPhase;
			buildActionMask = 2147483647;
			files = (
				38A8208A25E6D5A400C54DDF /* Main.storyboard in Resources */,
				38A8208725E6D5A400C54DDF /* Preview Assets.xcassets in Resources */,
				38A8208425E6D5A400C54DDF /* Assets.xcassets in Resources */,
			);
			runOnlyForDeploymentPostprocessing = 0;
		};
/* End PBXResourcesBuildPhase section */

/* Begin PBXSourcesBuildPhase section */
		38A8207825E6D5A100C54DDF /* Sources */ = {
			isa = PBXSourcesBuildPhase;
			buildActionMask = 2147483647;
			files = (
				38A8208225E6D5A100C54DDF /* ContentView.swift in Sources */,
				38A8209725E74C9B00C54DDF /* Generator.swift in Sources */,
				38A8209825E74C9B00C54DDF /* Crypto.swift in Sources */,
				38A820A425E81BE100C54DDF /* KeychainHelper.swift in Sources */,
				38A820A625E9957F00C54DDF /* AuthenticationHelper.swift in Sources */,
				38A8209E25E7503700C54DDF /* Token+URL.swift in Sources */,
				384982B425F00E2A00F1B745 /* NotificationHelper.swift in Sources */,
				38A8209A25E74D0C00C54DDF /* Token.swift in Sources */,
				38A8208025E6D5A100C54DDF /* AppDelegate.swift in Sources */,
				38A8209325E6ED1B00C54DDF /* MenuBar.swift in Sources */,
				38A820A025E7537B00C54DDF /* Base32.swift in Sources */,
				38A820A225E7E2FB00C54DDF /* CopyHelper.swift in Sources */,
			);
			runOnlyForDeploymentPostprocessing = 0;
		};
/* End PBXSourcesBuildPhase section */

/* Begin PBXVariantGroup section */
		38A8208825E6D5A400C54DDF /* Main.storyboard */ = {
			isa = PBXVariantGroup;
			children = (
				38A8208925E6D5A400C54DDF /* Base */,
			);
			name = Main.storyboard;
			sourceTree = "<group>";
		};
/* End PBXVariantGroup section */

/* Begin XCBuildConfiguration section */
		38A8208D25E6D5A400C54DDF /* Debug */ = {
			isa = XCBuildConfiguration;
			buildSettings = {
				ALWAYS_SEARCH_USER_PATHS = NO;
				CLANG_ANALYZER_NONNULL = YES;
				CLANG_ANALYZER_NUMBER_OBJECT_CONVERSION = YES_AGGRESSIVE;
				CLANG_CXX_LANGUAGE_STANDARD = "gnu++14";
				CLANG_CXX_LIBRARY = "libc++";
				CLANG_ENABLE_MODULES = YES;
				CLANG_ENABLE_OBJC_ARC = YES;
				CLANG_ENABLE_OBJC_WEAK = YES;
				CLANG_WARN_BLOCK_CAPTURE_AUTORELEASING = YES;
				CLANG_WARN_BOOL_CONVERSION = YES;
				CLANG_WARN_COMMA = YES;
				CLANG_WARN_CONSTANT_CONVERSION = YES;
				CLANG_WARN_DEPRECATED_OBJC_IMPLEMENTATIONS = YES;
				CLANG_WARN_DIRECT_OBJC_ISA_USAGE = YES_ERROR;
				CLANG_WARN_DOCUMENTATION_COMMENTS = YES;
				CLANG_WARN_EMPTY_BODY = YES;
				CLANG_WARN_ENUM_CONVERSION = YES;
				CLANG_WARN_INFINITE_RECURSION = YES;
				CLANG_WARN_INT_CONVERSION = YES;
				CLANG_WARN_NON_LITERAL_NULL_CONVERSION = YES;
				CLANG_WARN_OBJC_IMPLICIT_RETAIN_SELF = YES;
				CLANG_WARN_OBJC_LITERAL_CONVERSION = YES;
				CLANG_WARN_OBJC_ROOT_CLASS = YES_ERROR;
				CLANG_WARN_RANGE_LOOP_ANALYSIS = YES;
				CLANG_WARN_STRICT_PROTOTYPES = YES;
				CLANG_WARN_SUSPICIOUS_MOVE = YES;
				CLANG_WARN_UNGUARDED_AVAILABILITY = YES_AGGRESSIVE;
				CLANG_WARN_UNREACHABLE_CODE = YES;
				CLANG_WARN__DUPLICATE_METHOD_MATCH = YES;
				COPY_PHASE_STRIP = NO;
				DEBUG_INFORMATION_FORMAT = dwarf;
				ENABLE_STRICT_OBJC_MSGSEND = YES;
				ENABLE_TESTABILITY = YES;
				GCC_C_LANGUAGE_STANDARD = gnu11;
				GCC_DYNAMIC_NO_PIC = NO;
				GCC_NO_COMMON_BLOCKS = YES;
				GCC_OPTIMIZATION_LEVEL = 0;
				GCC_PREPROCESSOR_DEFINITIONS = (
					"DEBUG=1",
					"$(inherited)",
				);
				GCC_WARN_64_TO_32_BIT_CONVERSION = YES;
				GCC_WARN_ABOUT_RETURN_TYPE = YES_ERROR;
				GCC_WARN_UNDECLARED_SELECTOR = YES;
				GCC_WARN_UNINITIALIZED_AUTOS = YES_AGGRESSIVE;
				GCC_WARN_UNUSED_FUNCTION = YES;
				GCC_WARN_UNUSED_VARIABLE = YES;
				MACOSX_DEPLOYMENT_TARGET = 10.15;
				MTL_ENABLE_DEBUG_INFO = INCLUDE_SOURCE;
				MTL_FAST_MATH = YES;
				ONLY_ACTIVE_ARCH = YES;
				SDKROOT = macosx;
				SWIFT_ACTIVE_COMPILATION_CONDITIONS = DEBUG;
				SWIFT_OPTIMIZATION_LEVEL = "-Onone";
			};
			name = Debug;
		};
		38A8208E25E6D5A400C54DDF /* Release */ = {
			isa = XCBuildConfiguration;
			buildSettings = {
				ALWAYS_SEARCH_USER_PATHS = NO;
				CLANG_ANALYZER_NONNULL = YES;
				CLANG_ANALYZER_NUMBER_OBJECT_CONVERSION = YES_AGGRESSIVE;
				CLANG_CXX_LANGUAGE_STANDARD = "gnu++14";
				CLANG_CXX_LIBRARY = "libc++";
				CLANG_ENABLE_MODULES = YES;
				CLANG_ENABLE_OBJC_ARC = YES;
				CLANG_ENABLE_OBJC_WEAK = YES;
				CLANG_WARN_BLOCK_CAPTURE_AUTORELEASING = YES;
				CLANG_WARN_BOOL_CONVERSION = YES;
				CLANG_WARN_COMMA = YES;
				CLANG_WARN_CONSTANT_CONVERSION = YES;
				CLANG_WARN_DEPRECATED_OBJC_IMPLEMENTATIONS = YES;
				CLANG_WARN_DIRECT_OBJC_ISA_USAGE = YES_ERROR;
				CLANG_WARN_DOCUMENTATION_COMMENTS = YES;
				CLANG_WARN_EMPTY_BODY = YES;
				CLANG_WARN_ENUM_CONVERSION = YES;
				CLANG_WARN_INFINITE_RECURSION = YES;
				CLANG_WARN_INT_CONVERSION = YES;
				CLANG_WARN_NON_LITERAL_NULL_CONVERSION = YES;
				CLANG_WARN_OBJC_IMPLICIT_RETAIN_SELF = YES;
				CLANG_WARN_OBJC_LITERAL_CONVERSION = YES;
				CLANG_WARN_OBJC_ROOT_CLASS = YES_ERROR;
				CLANG_WARN_RANGE_LOOP_ANALYSIS = YES;
				CLANG_WARN_STRICT_PROTOTYPES = YES;
				CLANG_WARN_SUSPICIOUS_MOVE = YES;
				CLANG_WARN_UNGUARDED_AVAILABILITY = YES_AGGRESSIVE;
				CLANG_WARN_UNREACHABLE_CODE = YES;
				CLANG_WARN__DUPLICATE_METHOD_MATCH = YES;
				COPY_PHASE_STRIP = NO;
				DEBUG_INFORMATION_FORMAT = "dwarf-with-dsym";
				ENABLE_NS_ASSERTIONS = NO;
				ENABLE_STRICT_OBJC_MSGSEND = YES;
				GCC_C_LANGUAGE_STANDARD = gnu11;
				GCC_NO_COMMON_BLOCKS = YES;
				GCC_WARN_64_TO_32_BIT_CONVERSION = YES;
				GCC_WARN_ABOUT_RETURN_TYPE = YES_ERROR;
				GCC_WARN_UNDECLARED_SELECTOR = YES;
				GCC_WARN_UNINITIALIZED_AUTOS = YES_AGGRESSIVE;
				GCC_WARN_UNUSED_FUNCTION = YES;
				GCC_WARN_UNUSED_VARIABLE = YES;
				MACOSX_DEPLOYMENT_TARGET = 10.15;
				MTL_ENABLE_DEBUG_INFO = NO;
				MTL_FAST_MATH = YES;
				SDKROOT = macosx;
				SWIFT_COMPILATION_MODE = wholemodule;
				SWIFT_OPTIMIZATION_LEVEL = "-O";
			};
			name = Release;
		};
		38A8209025E6D5A400C54DDF /* Debug */ = {
			isa = XCBuildConfiguration;
			buildSettings = {
				ASSETCATALOG_COMPILER_APPICON_NAME = AppIcon;
				CODE_SIGN_ENTITLEMENTS = MenuBarShortcut/MenuBarShortcut.entitlements;
				CODE_SIGN_STYLE = Automatic;
				COMBINE_HIDPI_IMAGES = YES;
				DEVELOPMENT_ASSET_PATHS = "\"MenuBarShortcut/Preview Content\"";
				ENABLE_PREVIEWS = YES;
				INFOPLIST_FILE = MenuBarShortcut/Info.plist;
				LD_RUNPATH_SEARCH_PATHS = (
					"$(inherited)",
					"@executable_path/../Frameworks",
				);
				MACOSX_DEPLOYMENT_TARGET = 10.15;
				PRODUCT_BUNDLE_IDENTIFIER = br.com.otias.app.MenuBarShortcut;
				PRODUCT_NAME = "$(TARGET_NAME)";
				SWIFT_VERSION = 5.0;
			};
			name = Debug;
		};
		38A8209125E6D5A400C54DDF /* Release */ = {
			isa = XCBuildConfiguration;
			buildSettings = {
				ASSETCATALOG_COMPILER_APPICON_NAME = AppIcon;
				CODE_SIGN_ENTITLEMENTS = MenuBarShortcut/MenuBarShortcut.entitlements;
				CODE_SIGN_STYLE = Automatic;
				COMBINE_HIDPI_IMAGES = YES;
				DEVELOPMENT_ASSET_PATHS = "\"MenuBarShortcut/Preview Content\"";
				ENABLE_PREVIEWS = YES;
				INFOPLIST_FILE = MenuBarShortcut/Info.plist;
				LD_RUNPATH_SEARCH_PATHS = (
					"$(inherited)",
					"@executable_path/../Frameworks",
				);
				MACOSX_DEPLOYMENT_TARGET = 10.15;
				PRODUCT_BUNDLE_IDENTIFIER = br.com.otias.app.MenuBarShortcut;
				PRODUCT_NAME = "$(TARGET_NAME)";
				SWIFT_VERSION = 5.0;
			};
			name = Release;
		};
/* End XCBuildConfiguration section */

/* Begin XCConfigurationList section */
		38A8207725E6D5A100C54DDF /* Build configuration list for PBXProject "MenuBarShortcut" */ = {
			isa = XCConfigurationList;
			buildConfigurations = (
				38A8208D25E6D5A400C54DDF /* Debug */,
				38A8208E25E6D5A400C54DDF /* Release */,
			);
			defaultConfigurationIsVisible = 0;
			defaultConfigurationName = Release;
		};
		38A8208F25E6D5A400C54DDF /* Build configuration list for PBXNativeTarget "MenuBarShortcut" */ = {
			isa = XCConfigurationList;
			buildConfigurations = (
				38A8209025E6D5A400C54DDF /* Debug */,
				38A8209125E6D5A400C54DDF /* Release */,
			);
			defaultConfigurationIsVisible = 0;
			defaultConfigurationName = Release;
		};
/* End XCConfigurationList section */
	};
	rootObject = 38A8207425E6D5A100C54DDF /* Project object */;
}
